Microsoft Visual Studio Solution File, Format Version 12.00
# Visual Studio Version 17
VisualStudioVersion = 17.5.2.0
MinimumVisualStudioVersion = 10.0.40219.1
Project("{FAE04EC0-301F-11D3-BF4B-00C04F79EFBC}") = "program012a-intervaly", "program012a-intervaly.csproj", "{B23A6799-7A22-3D1E-6BFB-9256E14E66F3}"
EndProject
Global
	GlobalSection(SolutionConfigurationPlatforms) = preSolution
		Debug|Any CPU = Debug|Any CPU
		Release|Any CPU = Release|Any CPU
	EndGlobalSection
	GlobalSection(ProjectConfigurationPlatforms) = postSolution
		{B23A6799-7A22-3D1E-6BFB-9256E14E66F3}.Debug|Any CPU.ActiveCfg = Debug|Any CPU
		{B23A6799-7A22-3D1E-6BFB-9256E14E66F3}.Debug|Any CPU.Build.0 = Debug|Any CPU
		{B23A6799-7A22-3D1E-6BFB-9256E14E66F3}.Release|Any CPU.ActiveCfg = Release|Any CPU
		{B23A6799-7A22-3D1E-6BFB-9256E14E66F3}.Release|Any CPU.Build.0 = Release|Any CPU
	EndGlobalSection
	GlobalSection(SolutionProperties) = preSolution
		HideSolutionNode = FALSE
	EndGlobalSection
	GlobalSection(ExtensibilityGlobals) = postSolution
		SolutionGuid = {7D38F731-1454-4E1A-8D10-77FEAF66961D}
	EndGlobalSection
EndGlobal
